
Microsoft Visual Studio Solution File, Format Version 12.00
# Visual Studio Version 17
VisualStudioVersion = 17.8.34212.112
MinimumVisualStudioVersion = 10.0.40219.1
Project("{FAE04EC0-301F-11D3-BF4B-00C04F79EFBC}") = "FooService", "FooService\FooService.csproj", "{29AADFC1-DDAF-475D-8CEF-BE43AED93AFB}"
EndProject
Global
	GlobalSection(SolutionConfigurationPlatforms) = preSolution
		Debug|Any CPU = Debug|Any CPU
		Release|Any CPU = Release|Any CPU
	EndGlobalSection
	GlobalSection(ProjectConfigurationPlatforms) = postSolution
		{29AADFC1-DDAF-475D-8CEF-BE43AED93AFB}.Debug|Any CPU.ActiveCfg = Debug|Any CPU
		{29AADFC1-DDAF-475D-8CEF-BE43AED93AFB}.Debug|Any CPU.Build.0 = Debug|Any CPU
		{29AADFC1-DDAF-475D-8CEF-BE43AED93AFB}.Release|Any CPU.ActiveCfg = Release|Any CPU
		{29AADFC1-DDAF-475D-8CEF-BE43AED93AFB}.Release|Any CPU.Build.0 = Release|Any CPU
	EndGlobalSection
	GlobalSection(SolutionProperties) = preSolution
		HideSolutionNode = FALSE
	EndGlobalSection
	GlobalSection(ExtensibilityGlobals) = postSolution
		SolutionGuid = {4A373F11-AC6C-4BD1-8709-61DAB05789E4}
	EndGlobalSection
EndGlobal
